
Microsoft Visual Studio Solution File, Format Version 11.00
# Visual Studio 2010
# SharpDevelop 4.2.0.8783
Project("{FAE04EC0-301F-11D3-BF4B-00C04F79EFBC}") = "Testing_task", "Testing_task\Testing_task.csproj", "{9E304284-0B92-41CF-A979-8688E67ACAFD}"
EndProject
Global
	GlobalSection(SolutionConfigurationPlatforms) = preSolution
		Debug|Any CPU = Debug|Any CPU
		Release|Any CPU = Release|Any CPU
	EndGlobalSection
	GlobalSection(ProjectConfigurationPlatforms) = postSolution
		{9E304284-0B92-41CF-A979-8688E67ACAFD}.Debug|Any CPU.Build.0 = Debug|Any CPU
		{9E304284-0B92-41CF-A979-8688E67ACAFD}.Debug|Any CPU.ActiveCfg = Debug|Any CPU
		{9E304284-0B92-41CF-A979-8688E67ACAFD}.Release|Any CPU.Build.0 = Release|Any CPU
		{9E304284-0B92-41CF-A979-8688E67ACAFD}.Release|Any CPU.ActiveCfg = Release|Any CPU
	EndGlobalSection
EndGlobal
